
Microsoft Visual Studio Solution File, Format Version 12.00
# Visual Studio Version 16
VisualStudioVersion = 16.0.33801.447
MinimumVisualStudioVersion = 10.0.40219.1
Project("{FAE04EC0-301F-11D3-BF4B-00C04F79EFBC}") = "PMS", "PMS.csproj", "{BD30FF7F-16C3-4B6D-9582-1ADBDF3742B3}"
EndProject
Global
	GlobalSection(SolutionConfigurationPlatforms) = preSolution
		Debug|Any CPU = Debug|Any CPU
		Release|Any CPU = Release|Any CPU
	EndGlobalSection
	GlobalSection(ProjectConfigurationPlatforms) = postSolution
		{BD30FF7F-16C3-4B6D-9582-1ADBDF3742B3}.Debug|Any CPU.ActiveCfg = Debug|Any CPU
		{BD30FF7F-16C3-4B6D-9582-1ADBDF3742B3}.Debug|Any CPU.Build.0 = Debug|Any CPU
		{BD30FF7F-16C3-4B6D-9582-1ADBDF3742B3}.Release|Any CPU.ActiveCfg = Release|Any CPU
		{BD30FF7F-16C3-4B6D-9582-1ADBDF3742B3}.Release|Any CPU.Build.0 = Release|Any CPU
	EndGlobalSection
	GlobalSection(SolutionProperties) = preSolution
		HideSolutionNode = FALSE
	EndGlobalSection
	GlobalSection(ExtensibilityGlobals) = postSolution
		SolutionGuid = {A106AB5B-B269-42C7-884D-CCEE02D358B7}
	EndGlobalSection
EndGlobal
